{
  "name": "premierescripts",
  "version": "1.0.0",
  "lockfileVersion": 2,
  "requires": true,
  "packages": {
    "": {
      "name": "premierescripts",
      "version": "1.0.0",
      "license": "ISC",
      "dependencies": {
        "midi-parser-js": "^4.0.4",
        "types-for-adobe": "^6.0.1"
      },
      "devDependencies": {
        "typescript": "^4.5.2"
      }
    },
    "node_modules/midi-parser-js": {
      "version": "4.0.4",
      "resolved": "https://registry.npmjs.org/midi-parser-js/-/midi-parser-js-4.0.4.tgz",
      "integrity": "sha512-yCCUNemjDET40SPslUbAyi7lClSS+ttcBAWNY337kJouRFsEtIql38Fp4p5xfODkltFvuqHJL9JytnZIrzpJbw=="
    },
    "node_modules/types-for-adobe": {
      "version": "6.0.1",
      "resolved": "https://registry.npmjs.org/types-for-adobe/-/types-for-adobe-6.0.1.tgz",
      "integrity": "sha512-kEW6ne8deCUrVua5sYRnb3kRRvVLicwzhnKbqbus585o9LyQjklbo3XDsfIzWiF2aA0oFjgcE5B1Bz+EWQG0nw=="
    },
    "node_modules/typescript": {
      "version": "4.5.2",
      "resolved": "https://registry.npmjs.org/typescript/-/typescript-4.5.2.tgz",
      "integrity": "sha512-5BlMof9H1yGt0P8/WF+wPNw6GfctgGjXp5hkblpyT+8rkASSmkUKMXrxR0Xg8ThVCi/JnHQiKXeBaEwCeQwMFw==",
      "dev": true,
      "bin": {
        "tsc": "bin/tsc",
        "tsserver": "bin/tsserver"
      },
      "engines": {
        "node": ">=4.2.0"
      }
    }
  },
  "dependencies": {
    "midi-parser-js": {
      "version": "4.0.4",
      "resolved": "https://registry.npmjs.org/midi-parser-js/-/midi-parser-js-4.0.4.tgz",
      "integrity": "sha512-yCCUNemjDET40SPslUbAyi7lClSS+ttcBAWNY337kJouRFsEtIql38Fp4p5xfODkltFvuqHJL9JytnZIrzpJbw=="
    },
    "types-for-adobe": {
      "version": "6.0.1",
      "resolved": "https://registry.npmjs.org/types-for-adobe/-/types-for-adobe-6.0.1.tgz",
      "integrity": "sha512-kEW6ne8deCUrVua5sYRnb3kRRvVLicwzhnKbqbus585o9LyQjklbo3XDsfIzWiF2aA0oFjgcE5B1Bz+EWQG0nw=="
    },
    "typescript": {
      "version": "4.5.2",
      "resolved": "https://registry.npmjs.org/typescript/-/typescript-4.5.2.tgz",
      "integrity": "sha512-5BlMof9H1yGt0P8/WF+wPNw6GfctgGjXp5hkblpyT+8rkASSmkUKMXrxR0Xg8ThVCi/JnHQiKXeBaEwCeQwMFw==",
      "dev": true
    }
  }
}
